// !$*UTF8*$!
{
	archiveVersion = 1;
	classes = {
	};
	objectVersion = 56;
	objects = {

/* Begin PBXBuildFile section */
		F43D1DD72BD90A8A006D06C2 /* VisionHelper.swift in Sources */ = {isa = PBXBuildFile; fileRef = F43D1DD62BD90A8A006D06C2 /* VisionHelper.swift */; };
		F43D1DDA2BD90D7E006D06C2 /* ObjectDetectionView.swift in Sources */ = {isa = PBXBuildFile; fileRef = F43D1DD92BD90D7E006D06C2 /* ObjectDetectionView.swift */; };
		F43D1DDC2BD90DE2006D06C2 /* YOLOv3.mlmodel in Sources */ = {isa = PBXBuildFile; fileRef = F43D1DDB2BD90DE2006D06C2 /* YOLOv3.mlmodel */; };
		F449138A2B9877710003DF6B /* TextRecognitionView.swift in Sources */ = {isa = PBXBuildFile; fileRef = F44913892B9877710003DF6B /* TextRecognitionView.swift */; };
		F45E870F2B971E3A00B8A961 /* VisionExamplesApp.swift in Sources */ = {isa = PBXBuildFile; fileRef = F45E870E2B971E3A00B8A961 /* VisionExamplesApp.swift */; };
		F45E87112B971E3A00B8A961 /* ContentView.swift in Sources */ = {isa = PBXBuildFile; fileRef = F45E87102B971E3A00B8A961 /* ContentView.swift */; };
		F45E87132B971E3B00B8A961 /* Assets.xcassets in Resources */ = {isa = PBXBuildFile; fileRef = F45E87122B971E3B00B8A961 /* Assets.xcassets */; };
		F45E87162B971E3B00B8A961 /* Preview Assets.xcassets in Resources */ = {isa = PBXBuildFile; fileRef = F45E87152B971E3B00B8A961 /* Preview Assets.xcassets */; };
		F4A9D8662B9721F000C53B44 /* ImagePicker.swift in Sources */ = {isa = PBXBuildFile; fileRef = F4A9D8652B9721F000C53B44 /* ImagePicker.swift */; };
		F4FAB05C2BCEBC8600061293 /* CameraView.swift in Sources */ = {isa = PBXBuildFile; fileRef = F4FAB05B2BCEBC8600061293 /* CameraView.swift */; };
		F4FAB05E2BCEC9B100061293 /* LiveFaceDetectionView.swift in Sources */ = {isa = PBXBuildFile; fileRef = F4FAB05D2BCEC9B100061293 /* LiveFaceDetectionView.swift */; };
/* End PBXBuildFile section */

/* Begin PBXFileReference section */
		F43D1DD62BD90A8A006D06C2 /* VisionHelper.swift */ = {isa = PBXFileReference; lastKnownFileType = sourcecode.swift; path = VisionHelper.swift; sourceTree = "<group>"; };
		F43D1DD92BD90D7E006D06C2 /* ObjectDetectionView.swift */ = {isa = PBXFileReference; lastKnownFileType = sourcecode.swift; path = ObjectDetectionView.swift; sourceTree = "<group>"; };
		F43D1DDB2BD90DE2006D06C2 /* YOLOv3.mlmodel */ = {isa = PBXFileReference; lastKnownFileType = file.mlmodel; name = YOLOv3.mlmodel; path = ../../../Downloads/YOLOv3.mlmodel; sourceTree = "<group>"; };
		F44913892B9877710003DF6B /* TextRecognitionView.swift */ = {isa = PBXFileReference; lastKnownFileType = sourcecode.swift; path = TextRecognitionView.swift; sourceTree = "<group>"; };
		F45E870B2B971E3A00B8A961 /* VisionExamples.app */ = {isa = PBXFileReference; explicitFileType = wrapper.application; includeInIndex = 0; path = VisionExamples.app; sourceTree = BUILT_PRODUCTS_DIR; };
		F45E870E2B971E3A00B8A961 /* VisionExamplesApp.swift */ = {isa = PBXFileReference; lastKnownFileType = sourcecode.swift; path = VisionExamplesApp.swift; sourceTree = "<group>"; };
		F45E87102B971E3A00B8A961 /* ContentView.swift */ = {isa = PBXFileReference; lastKnownFileType = sourcecode.swift; path = ContentView.swift; sourceTree = "<group>"; };
		F45E87122B971E3B00B8A961 /* Assets.xcassets */ = {isa = PBXFileReference; lastKnownFileType = folder.assetcatalog; path = Assets.xcassets; sourceTree = "<group>"; };
		F45E87152B971E3B00B8A961 /* Preview Assets.xcassets */ = {isa = PBXFileReference; lastKnownFileType = folder.assetcatalog; path = "Preview Assets.xcassets"; sourceTree = "<group>"; };
		F4A9D8652B9721F000C53B44 /* ImagePicker.swift */ = {isa = PBXFileReference; lastKnownFileType = sourcecode.swift; path = ImagePicker.swift; sourceTree = "<group>"; };
		F4FAB05B2BCEBC8600061293 /* CameraView.swift */ = {isa = PBXFileReference; lastKnownFileType = sourcecode.swift; path = CameraView.swift; sourceTree = "<group>"; };
		F4FAB05D2BCEC9B100061293 /* LiveFaceDetectionView.swift */ = {isa = PBXFileReference; lastKnownFileType = sourcecode.swift; path = LiveFaceDetectionView.swift; sourceTree = "<group>"; };
/* End PBXFileReference section */

/* Begin PBXFrameworksBuildPhase section */
		F45E87082B971E3A00B8A961 /* Frameworks */ = {
			isa = PBXFrameworksBuildPhase;
			buildActionMask = 2147483647;
			files = (
			);
			runOnlyForDeploymentPostprocessing = 0;
		};
/* End PBXFrameworksBuildPhase section */

/* Begin PBXGroup section */
		F415E08C2BA335E000522E79 /* FaceDetection */ = {
			isa = PBXGroup;
			children = (
				F4FAB05B2BCEBC8600061293 /* CameraView.swift */,
				F4FAB05D2BCEC9B100061293 /* LiveFaceDetectionView.swift */,
			);
			path = FaceDetection;
			sourceTree = "<group>";
		};
		F43D1DD82BD90D39006D06C2 /* ObjectDetection */ = {
			isa = PBXGroup;
			children = (
				F43D1DD92BD90D7E006D06C2 /* ObjectDetectionView.swift */,
			);
			path = ObjectDetection;
			sourceTree = "<group>";
		};
		F44913882B9877350003DF6B /* TextDetection */ = {
			isa = PBXGroup;
			children = (
				F44913892B9877710003DF6B /* TextRecognitionView.swift */,
			);
			path = TextDetection;
			sourceTree = "<group>";
		};
		F45E87022B971E3A00B8A961 = {
			isa = PBXGroup;
			children = (
				F43D1DDB2BD90DE2006D06C2 /* YOLOv3.mlmodel */,
				F45E870D2B971E3A00B8A961 /* VisionExamples */,
				F45E870C2B971E3A00B8A961 /* Products */,
			);
			sourceTree = "<group>";
		};
		F45E870C2B971E3A00B8A961 /* Products */ = {
			isa = PBXGroup;
			children = (
				F45E870B2B971E3A00B8A961 /* VisionExamples.app */,
			);
			name = Products;
			sourceTree = "<group>";
		};
		F45E870D2B971E3A00B8A961 /* VisionExamples */ = {
			isa = PBXGroup;
			children = (
				F45E870E2B971E3A00B8A961 /* VisionExamplesApp.swift */,
				F45E87102B971E3A00B8A961 /* ContentView.swift */,
				F4A9D8642B9721DD00C53B44 /* Helper */,
				F415E08C2BA335E000522E79 /* FaceDetection */,
				F43D1DD82BD90D39006D06C2 /* ObjectDetection */,
				F44913882B9877350003DF6B /* TextDetection */,
				F45E87122B971E3B00B8A961 /* Assets.xcassets */,
				F45E87142B971E3B00B8A961 /* Preview Content */,
			);
			path = VisionExamples;
			sourceTree = "<group>";
		};
		F45E87142B971E3B00B8A961 /* Preview Content */ = {
			isa = PBXGroup;
			children = (
				F45E87152B971E3B00B8A961 /* Preview Assets.xcassets */,
			);
			path = "Preview Content";
			sourceTree = "<group>";
		};
		F4A9D8642B9721DD00C53B44 /* Helper */ = {
			isa = PBXGroup;
			children = (
				F4A9D8652B9721F000C53B44 /* ImagePicker.swift */,
				F43D1DD62BD90A8A006D06C2 /* VisionHelper.swift */,
			);
			path = Helper;
			sourceTree = "<group>";
		};
/* End PBXGroup section */

/* Begin PBXNativeTarget section */
		F45E870A2B971E3A00B8A961 /* VisionExamples */ = {
			isa = PBXNativeTarget;
			buildConfigurationList = F45E87192B971E3B00B8A961 /* Build configuration list for PBXNativeTarget "VisionExamples" */;
			buildPhases = (
				F45E87072B971E3A00B8A961 /* Sources */,
				F45E87082B971E3A00B8A961 /* Frameworks */,
				F45E87092B971E3A00B8A961 /* Resources */,
			);
			buildRules = (
			);
			dependencies = (
			);
			name = VisionExamples;
			productName = VisionExamples;
			productReference = F45E870B2B971E3A00B8A961 /* VisionExamples.app */;
			productType = "com.apple.product-type.application";
		};
/* End PBXNativeTarget section */

/* Begin PBXProject section */
		F45E87032B971E3A00B8A961 /* Project object */ = {
			isa = PBXProject;
			attributes = {
				BuildIndependentTargetsInParallel = 1;
				LastSwiftUpdateCheck = 1520;
				LastUpgradeCheck = 1520;
				TargetAttributes = {
					F45E870A2B971E3A00B8A961 = {
						CreatedOnToolsVersion = 15.2;
					};
				};
			};
			buildConfigurationList = F45E87062B971E3A00B8A961 /* Build configuration list for PBXProject "VisionExamples" */;
			compatibilityVersion = "Xcode 14.0";
			developmentRegion = en;
			hasScannedForEncodings = 0;
			knownRegions = (
				en,
				Base,
			);
			mainGroup = F45E87022B971E3A00B8A961;
			productRefGroup = F45E870C2B971E3A00B8A961 /* Products */;
			projectDirPath = "";
			projectRoot = "";
			targets = (
				F45E870A2B971E3A00B8A961 /* VisionExamples */,
			);
		};
/* End PBXProject section */

/* Begin PBXResourcesBuildPhase section */
		F45E87092B971E3A00B8A961 /* Resources */ = {
			isa = PBXResourcesBuildPhase;
			buildActionMask = 2147483647;
			files = (
				F45E87162B971E3B00B8A961 /* Preview Assets.xcassets in Resources */,
				F45E87132B971E3B00B8A961 /* Assets.xcassets in Resources */,
			);
			runOnlyForDeploymentPostprocessing = 0;
		};
/* End PBXResourcesBuildPhase section */

/* Begin PBXSourcesBuildPhase section */
		F45E87072B971E3A00B8A961 /* Sources */ = {
			isa = PBXSourcesBuildPhase;
			buildActionMask = 2147483647;
			files = (
				F4A9D8662B9721F000C53B44 /* ImagePicker.swift in Sources */,
				F43D1DD72BD90A8A006D06C2 /* VisionHelper.swift in Sources */,
				F449138A2B9877710003DF6B /* TextRecognitionView.swift in Sources */,
				F43D1DDC2BD90DE2006D06C2 /* YOLOv3.mlmodel in Sources */,
				F45E87112B971E3A00B8A961 /* ContentView.swift in Sources */,
				F4FAB05C2BCEBC8600061293 /* CameraView.swift in Sources */,
				F43D1DDA2BD90D7E006D06C2 /* ObjectDetectionView.swift in Sources */,
				F45E870F2B971E3A00B8A961 /* VisionExamplesApp.swift in Sources */,
				F4FAB05E2BCEC9B100061293 /* LiveFaceDetectionView.swift in Sources */,
			);
			runOnlyForDeploymentPostprocessing = 0;
		};
/* End PBXSourcesBuildPhase section */

/* Begin XCBuildConfiguration section */
		F45E87172B971E3B00B8A961 /* Debug */ = {
			isa = XCBuildConfiguration;
			buildSettings = {
				ALWAYS_SEARCH_USER_PATHS = NO;
				ASSETCATALOG_COMPILER_GENERATE_SWIFT_ASSET_SYMBOL_EXTENSIONS = YES;
				CLANG_ANALYZER_NONNULL = YES;
				CLANG_ANALYZER_NUMBER_OBJECT_CONVERSION = YES_AGGRESSIVE;
				CLANG_CXX_LANGUAGE_STANDARD = "gnu++20";
				CLANG_ENABLE_MODULES = YES;
				CLANG_ENABLE_OBJC_ARC = YES;
				CLANG_ENABLE_OBJC_WEAK = YES;
				CLANG_WARN_BLOCK_CAPTURE_AUTORELEASING = YES;
				CLANG_WARN_BOOL_CONVERSION = YES;
				CLANG_WARN_COMMA = YES;
				CLANG_WARN_CONSTANT_CONVERSION = YES;
				CLANG_WARN_DEPRECATED_OBJC_IMPLEMENTATIONS = YES;
				CLANG_WARN_DIRECT_OBJC_ISA_USAGE = YES_ERROR;
				CLANG_WARN_DOCUMENTATION_COMMENTS = YES;
				CLANG_WARN_EMPTY_BODY = YES;
				CLANG_WARN_ENUM_CONVERSION = YES;
				CLANG_WARN_INFINITE_RECURSION = YES;
				CLANG_WARN_INT_CONVERSION = YES;
				CLANG_WARN_NON_LITERAL_NULL_CONVERSION = YES;
				CLANG_WARN_OBJC_IMPLICIT_RETAIN_SELF = YES;
				CLANG_WARN_OBJC_LITERAL_CONVERSION = YES;
				CLANG_WARN_OBJC_ROOT_CLASS = YES_ERROR;
				CLANG_WARN_QUOTED_INCLUDE_IN_FRAMEWORK_HEADER = YES;
				CLANG_WARN_RANGE_LOOP_ANALYSIS = YES;
				CLANG_WARN_STRICT_PROTOTYPES = YES;
				CLANG_WARN_SUSPICIOUS_MOVE = YES;
				CLANG_WARN_UNGUARDED_AVAILABILITY = YES_AGGRESSIVE;
				CLANG_WARN_UNREACHABLE_CODE = YES;
				CLANG_WARN__DUPLICATE_METHOD_MATCH = YES;
				COPY_PHASE_STRIP = NO;
				DEBUG_INFORMATION_FORMAT = dwarf;
				ENABLE_STRICT_OBJC_MSGSEND = YES;
				ENABLE_TESTABILITY = YES;
				ENABLE_USER_SCRIPT_SANDBOXING = YES;
				GCC_C_LANGUAGE_STANDARD = gnu17;
				GCC_DYNAMIC_NO_PIC = NO;
				GCC_NO_COMMON_BLOCKS = YES;
				GCC_OPTIMIZATION_LEVEL = 0;
				GCC_PREPROCESSOR_DEFINITIONS = (
					"DEBUG=1",
					"$(inherited)",
				);
				GCC_WARN_64_TO_32_BIT_CONVERSION = YES;
				GCC_WARN_ABOUT_RETURN_TYPE = YES_ERROR;
				GCC_WARN_UNDECLARED_SELECTOR = YES;
				GCC_WARN_UNINITIALIZED_AUTOS = YES_AGGRESSIVE;
				GCC_WARN_UNUSED_FUNCTION = YES;
				GCC_WARN_UNUSED_VARIABLE = YES;
				IPHONEOS_DEPLOYMENT_TARGET = 16.0;
				LOCALIZATION_PREFERS_STRING_CATALOGS = YES;
				MTL_ENABLE_DEBUG_INFO = INCLUDE_SOURCE;
				MTL_FAST_MATH = YES;
				ONLY_ACTIVE_ARCH = YES;
				SDKROOT = iphoneos;
				SWIFT_ACTIVE_COMPILATION_CONDITIONS = "DEBUG $(inherited)";
				SWIFT_OPTIMIZATION_LEVEL = "-Onone";
			};
			name = Debug;
		};
		F45E87182B971E3B00B8A961 /* Release */ = {
			isa = XCBuildConfiguration;
			buildSettings = {
				ALWAYS_SEARCH_USER_PATHS = NO;
				ASSETCATALOG_COMPILER_GENERATE_SWIFT_ASSET_SYMBOL_EXTENSIONS = YES;
				CLANG_ANALYZER_NONNULL = YES;
				CLANG_ANALYZER_NUMBER_OBJECT_CONVERSION = YES_AGGRESSIVE;
				CLANG_CXX_LANGUAGE_STANDARD = "gnu++20";
				CLANG_ENABLE_MODULES = YES;
				CLANG_ENABLE_OBJC_ARC = YES;
				CLANG_ENABLE_OBJC_WEAK = YES;
				CLANG_WARN_BLOCK_CAPTURE_AUTORELEASING = YES;
				CLANG_WARN_BOOL_CONVERSION = YES;
				CLANG_WARN_COMMA = YES;
				CLANG_WARN_CONSTANT_CONVERSION = YES;
				CLANG_WARN_DEPRECATED_OBJC_IMPLEMENTATIONS = YES;
				CLANG_WARN_DIRECT_OBJC_ISA_USAGE = YES_ERROR;
				CLANG_WARN_DOCUMENTATION_COMMENTS = YES;
				CLANG_WARN_EMPTY_BODY = YES;
				CLANG_WARN_ENUM_CONVERSION = YES;
				CLANG_WARN_INFINITE_RECURSION = YES;
				CLANG_WARN_INT_CONVERSION = YES;
				CLANG_WARN_NON_LITERAL_NULL_CONVERSION = YES;
				CLANG_WARN_OBJC_IMPLICIT_RETAIN_SELF = YES;
				CLANG_WARN_OBJC_LITERAL_CONVERSION = YES;
				CLANG_WARN_OBJC_ROOT_CLASS = YES_ERROR;
				CLANG_WARN_QUOTED_INCLUDE_IN_FRAMEWORK_HEADER = YES;
				CLANG_WARN_RANGE_LOOP_ANALYSIS = YES;
				CLANG_WARN_STRICT_PROTOTYPES = YES;
				CLANG_WARN_SUSPICIOUS_MOVE = YES;
				CLANG_WARN_UNGUARDED_AVAILABILITY = YES_AGGRESSIVE;
				CLANG_WARN_UNREACHABLE_CODE = YES;
				CLANG_WARN__DUPLICATE_METHOD_MATCH = YES;
				COPY_PHASE_STRIP = NO;
				DEBUG_INFORMATION_FORMAT = "dwarf-with-dsym";
				ENABLE_NS_ASSERTIONS = NO;
				ENABLE_STRICT_OBJC_MSGSEND = YES;
				ENABLE_USER_SCRIPT_SANDBOXING = YES;
				GCC_C_LANGUAGE_STANDARD = gnu17;
				GCC_NO_COMMON_BLOCKS = YES;
				GCC_WARN_64_TO_32_BIT_CONVERSION = YES;
				GCC_WARN_ABOUT_RETURN_TYPE = YES_ERROR;
				GCC_WARN_UNDECLARED_SELECTOR = YES;
				GCC_WARN_UNINITIALIZED_AUTOS = YES_AGGRESSIVE;
				GCC_WARN_UNUSED_FUNCTION = YES;
				GCC_WARN_UNUSED_VARIABLE = YES;
				IPHONEOS_DEPLOYMENT_TARGET = 16.0;
				LOCALIZATION_PREFERS_STRING_CATALOGS = YES;
				MTL_ENABLE_DEBUG_INFO = NO;
				MTL_FAST_MATH = YES;
				SDKROOT = iphoneos;
				SWIFT_COMPILATION_MODE = wholemodule;
				VALIDATE_PRODUCT = YES;
			};
			name = Release;
		};
		F45E871A2B971E3B00B8A961 /* Debug */ = {
			isa = XCBuildConfiguration;
			buildSettings = {
				ASSETCATALOG_COMPILER_APPICON_NAME = AppIcon;
				ASSETCATALOG_COMPILER_GLOBAL_ACCENT_COLOR_NAME = AccentColor;
				CODE_SIGN_STYLE = Automatic;
				CURRENT_PROJECT_VERSION = 1;
				DEVELOPMENT_ASSET_PATHS = "\"VisionExamples/Preview Content\"";
				DEVELOPMENT_TEAM = TBVU37NRUM;
				ENABLE_PREVIEWS = YES;
				GENERATE_INFOPLIST_FILE = YES;
				INFOPLIST_KEY_NSCameraUsageDescription = "We need access to your camera.";
				INFOPLIST_KEY_UIApplicationSceneManifest_Generation = YES;
				INFOPLIST_KEY_UIApplicationSupportsIndirectInputEvents = YES;
				INFOPLIST_KEY_UILaunchScreen_Generation = YES;
				INFOPLIST_KEY_UISupportedInterfaceOrientations_iPad = "UIInterfaceOrientationPortrait UIInterfaceOrientationPortraitUpsideDown UIInterfaceOrientationLandscapeLeft UIInterfaceOrientationLandscapeRight";
				INFOPLIST_KEY_UISupportedInterfaceOrientations_iPhone = "UIInterfaceOrientationPortrait UIInterfaceOrientationLandscapeLeft UIInterfaceOrientationLandscapeRight";
				LD_RUNPATH_SEARCH_PATHS = (
					"$(inherited)",
					"@executable_path/Frameworks",
				);
				MARKETING_VERSION = 1.0;
				PRODUCT_BUNDLE_IDENTIFIER = com.personal.VisionExamples;
				PRODUCT_NAME = "$(TARGET_NAME)";
				SWIFT_EMIT_LOC_STRINGS = YES;
				SWIFT_VERSION = 5.0;
				TARGETED_DEVICE_FAMILY = "1,2";
			};
			name = Debug;
		};
		F45E871B2B971E3B00B8A961 /* Release */ = {
			isa = XCBuildConfiguration;
			buildSettings = {
				ASSETCATALOG_COMPILER_APPICON_NAME = AppIcon;
				ASSETCATALOG_COMPILER_GLOBAL_ACCENT_COLOR_NAME = AccentColor;
				CODE_SIGN_STYLE = Automatic;
				CURRENT_PROJECT_VERSION = 1;
				DEVELOPMENT_ASSET_PATHS = "\"VisionExamples/Preview Content\"";
				DEVELOPMENT_TEAM = TBVU37NRUM;
				ENABLE_PREVIEWS = YES;
				GENERATE_INFOPLIST_FILE = YES;
				INFOPLIST_KEY_NSCameraUsageDescription = "We need access to your camera.";
				INFOPLIST_KEY_UIApplicationSceneManifest_Generation = YES;
				INFOPLIST_KEY_UIApplicationSupportsIndirectInputEvents = YES;
				INFOPLIST_KEY_UILaunchScreen_Generation = YES;
				INFOPLIST_KEY_UISupportedInterfaceOrientations_iPad = "UIInterfaceOrientationPortrait UIInterfaceOrientationPortraitUpsideDown UIInterfaceOrientationLandscapeLeft UIInterfaceOrientationLandscapeRight";
				INFOPLIST_KEY_UISupportedInterfaceOrientations_iPhone = "UIInterfaceOrientationPortrait UIInterfaceOrientationLandscapeLeft UIInterfaceOrientationLandscapeRight";
				LD_RUNPATH_SEARCH_PATHS = (
					"$(inherited)",
					"@executable_path/Frameworks",
				);
				MARKETING_VERSION = 1.0;
				PRODUCT_BUNDLE_IDENTIFIER = com.personal.VisionExamples;
				PRODUCT_NAME = "$(TARGET_NAME)";
				SWIFT_EMIT_LOC_STRINGS = YES;
				SWIFT_VERSION = 5.0;
				TARGETED_DEVICE_FAMILY = "1,2";
			};
			name = Release;
		};
/* End XCBuildConfiguration section */

/* Begin XCConfigurationList section */
		F45E87062B971E3A00B8A961 /* Build configuration list for PBXProject "VisionExamples" */ = {
			isa = XCConfigurationList;
			buildConfigurations = (
				F45E87172B971E3B00B8A961 /* Debug */,
				F45E87182B971E3B00B8A961 /* Release */,
			);
			defaultConfigurationIsVisible = 0;
			defaultConfigurationName = Release;
		};
		F45E87192B971E3B00B8A961 /* Build configuration list for PBXNativeTarget "VisionExamples" */ = {
			isa = XCConfigurationList;
			buildConfigurations = (
				F45E871A2B971E3B00B8A961 /* Debug */,
				F45E871B2B971E3B00B8A961 /* Release */,
			);
			defaultConfigurationIsVisible = 0;
			defaultConfigurationName = Release;
		};
/* End XCConfigurationList section */
	};
	rootObject = F45E87032B971E3A00B8A961 /* Project object */;
}
